
Microsoft Visual Studio Solution File, Format Version 12.00
# Visual Studio 15
VisualStudioVersion = 15.0.27428.2027
MinimumVisualStudioVersion = 10.0.40219.1
Project("{FAE04EC0-301F-11D3-BF4B-00C04F79EFBC}") = "TestFinale", "TestFinale\TestFinale.csproj", "{3E9780F7-1ACD-441A-B3E5-59603188EE08}"
EndProject
Project("{FAE04EC0-301F-11D3-BF4B-00C04F79EFBC}") = "Esercizio2", "Esercizio2\Esercizio2.csproj", "{14F5BD82-841C-4A1F-86CC-81A84C4068F8}"
EndProject
Project("{FAE04EC0-301F-11D3-BF4B-00C04F79EFBC}") = "Esercizio3", "Esercizio3\Esercizio3.csproj", "{670180E5-ED8A-459C-B177-EC873BF97990}"
EndProject
Global
	GlobalSection(SolutionConfigurationPlatforms) = preSolution
		Debug|Any CPU = Debug|Any CPU
		Release|Any CPU = Release|Any CPU
	EndGlobalSection
	GlobalSection(ProjectConfigurationPlatforms) = postSolution
		{3E9780F7-1ACD-441A-B3E5-59603188EE08}.Debug|Any CPU.ActiveCfg = Debug|Any CPU
		{3E9780F7-1ACD-441A-B3E5-59603188EE08}.Debug|Any CPU.Build.0 = Debug|Any CPU
		{3E9780F7-1ACD-441A-B3E5-59603188EE08}.Release|Any CPU.ActiveCfg = Release|Any CPU
		{3E9780F7-1ACD-441A-B3E5-59603188EE08}.Release|Any CPU.Build.0 = Release|Any CPU
		{14F5BD82-841C-4A1F-86CC-81A84C4068F8}.Debug|Any CPU.ActiveCfg = Debug|Any CPU
		{14F5BD82-841C-4A1F-86CC-81A84C4068F8}.Debug|Any CPU.Build.0 = Debug|Any CPU
		{14F5BD82-841C-4A1F-86CC-81A84C4068F8}.Release|Any CPU.ActiveCfg = Release|Any CPU
		{14F5BD82-841C-4A1F-86CC-81A84C4068F8}.Release|Any CPU.Build.0 = Release|Any CPU
		{670180E5-ED8A-459C-B177-EC873BF97990}.Debug|Any CPU.ActiveCfg = Debug|Any CPU
		{670180E5-ED8A-459C-B177-EC873BF97990}.Debug|Any CPU.Build.0 = Debug|Any CPU
		{670180E5-ED8A-459C-B177-EC873BF97990}.Release|Any CPU.ActiveCfg = Release|Any CPU
		{670180E5-ED8A-459C-B177-EC873BF97990}.Release|Any CPU.Build.0 = Release|Any CPU
	EndGlobalSection
	GlobalSection(SolutionProperties) = preSolution
		HideSolutionNode = FALSE
	EndGlobalSection
	GlobalSection(ExtensibilityGlobals) = postSolution
		SolutionGuid = {054EFAAE-8213-44F0-B3D5-3EA37FD10D88}
	EndGlobalSection
EndGlobal
